# @generated by Move, please check-in and do not edit manually.

[move]
version = 1
manifest_digest = "2BEC985E9E63F1C20BCECBCA4D6B2655FAD7B840E721F99C2BC47C79AB21D278"
deps_digest = "3C4103934B1E040BB6B23F1D610B4EF9F2F1166A50A104EADCF77467C004C600"
dependencies = [
  { name = "Sui" },
  { name = "SwitchboardStdLib" },
]

[[move.package]]
name = "MoveStdlib"
source = { git = "https://github.com/MystenLabs/sui.git", rev = "mainnet", subdir = "crates/sui-framework/packages/move-stdlib" }

[[move.package]]
name = "Sui"
source = { git = "https://github.com/MystenLabs/sui.git", rev = "mainnet", subdir = "crates/sui-framework/packages/sui-framework" }

dependencies = [
  { name = "MoveStdlib" },
]

[[move.package]]
name = "SwitchboardStdLib"
source = { git = "https://github.com/switchboard-xyz/sbv2-sui.git", rev = "main", subdir = "move/mainnet/switchboard_std/" }

dependencies = [
  { name = "MoveStdlib" },
  { name = "Sui" },
]

[move.toolchain-version]
compiler-version = "1.23.1"
edition = "2024.beta"
flavor = "sui"
